
Microsoft Visual Studio Solution File, Format Version 12.00
# Visual Studio Version 17
VisualStudioVersion = 17.8.34525.116
MinimumVisualStudioVersion = 10.0.40219.1
Project("{FAE04EC0-301F-11D3-BF4B-00C04F79EFBC}") = "MJHSite_DRAFT_MCC24", "MJHSite_DRAFT_MCC24\MJHSite_DRAFT_MCC24.csproj", "{DA776249-E990-4D53-8C12-053ABD642DC8}"
EndProject
Global
	GlobalSection(SolutionConfigurationPlatforms) = preSolution
		Debug|Any CPU = Debug|Any CPU
		Release|Any CPU = Release|Any CPU
	EndGlobalSection
	GlobalSection(ProjectConfigurationPlatforms) = postSolution
		{DA776249-E990-4D53-8C12-053ABD642DC8}.Debug|Any CPU.ActiveCfg = Debug|Any CPU
		{DA776249-E990-4D53-8C12-053ABD642DC8}.Debug|Any CPU.Build.0 = Debug|Any CPU
		{DA776249-E990-4D53-8C12-053ABD642DC8}.Release|Any CPU.ActiveCfg = Release|Any CPU
		{DA776249-E990-4D53-8C12-053ABD642DC8}.Release|Any CPU.Build.0 = Release|Any CPU
	EndGlobalSection
	GlobalSection(SolutionProperties) = preSolution
		HideSolutionNode = FALSE
	EndGlobalSection
	GlobalSection(ExtensibilityGlobals) = postSolution
		SolutionGuid = {2FA45A9A-FC4D-45A3-9156-2657DF5D91BC}
	EndGlobalSection
EndGlobal
